# THIS IS AN AUTOGENERATED FILE. DO NOT EDIT THIS FILE DIRECTLY.
# yarn lockfile v1


"@babel/runtime@^7.15.4":
  version "7.16.3"
  resolved "https://registry.npmmirror.com/@babel/runtime/download/@babel/runtime-7.16.3.tgz?cache=0&sync_timestamp=1636494819594&other_urls=https%3A%2F%2Fregistry.npmmirror.com%2F%40babel%2Fruntime%2Fdownload%2F%40babel%2Fruntime-7.16.3.tgz#b86f0db02a04187a3c17caa77de69840165d42d5"
  dependencies:
    regenerator-runtime "^0.13.4"

"@types/node@*":
  version "16.11.11"
  resolved "http://registry.npm.testplus.cn/@types%2fnode/-/node-16.11.11.tgz#6ea7342dfb379ea1210835bada87b3c512120234"

"@types/yauzl@^2.9.1":
  version "2.9.2"
  resolved "http://registry.npm.testplus.cn/@types%2fyauzl/-/yauzl-2.9.2.tgz#c48e5d56aff1444409e39fa164b0b4d4552a7b7a"
  dependencies:
    "@types/node" "*"

adler-32@~1.2.0:
  version "1.2.0"
  resolved "https://registry.nlark.com/adler-32/download/adler-32-1.2.0.tgz#6a3e6bf0a63900ba15652808cb15c6813d1a5f25"
  dependencies:
    exit-on-epipe "~1.0.1"
    printj "~1.1.0"

adler-32@~1.3.0:
  version "1.3.0"
  resolved "https://registry.nlark.com/adler-32/download/adler-32-1.3.0.tgz#3cad1b71cdfa69f6c8a91f3e3615d31a4fdedc72"
  dependencies:
    printj "~1.2.2"

agent-base@6:
  version "6.0.2"
  resolved "http://registry.npm.testplus.cn/agent-base/-/agent-base-6.0.2.tgz#49fff58577cfee3f37176feab4c22e00f86d7f77"
  dependencies:
    debug "4"

balanced-match@^1.0.0:
  version "1.0.2"
  resolved "http://registry.npm.testplus.cn/balanced-match/-/balanced-match-1.0.2.tgz#e83e3a7e3f300b34cb9d87f615fa0cbf357690ee"

base64-js@^1.3.1:
  version "1.5.1"
  resolved "http://registry.npm.testplus.cn/base64-js/-/base64-js-1.5.1.tgz#1b1b440160a5bf7ad40b650f095963481903930a"

bl@^4.0.3:
  version "4.1.0"
  resolved "http://registry.npm.testplus.cn/bl/-/bl-4.1.0.tgz#451535264182bec2fbbc83a62ab98cf11d9f7b3a"
  dependencies:
    buffer "^5.5.0"
    inherits "^2.0.4"
    readable-stream "^3.4.0"

boolbase@^1.0.0:
  version "1.0.0"
  resolved "http://registry.npm.testplus.cn/boolbase/-/boolbase-1.0.0.tgz#68dff5fbe60c51eb37725ea9e3ed310dcc1e776e"

brace-expansion@^1.1.7:
  version "1.1.11"
  resolved "http://registry.npm.testplus.cn/brace-expansion/-/brace-expansion-1.1.11.tgz#3c7fcbf529d87226f3d2f52b966ff5271eb441dd"
  dependencies:
    balanced-match "^1.0.0"
    concat-map "0.0.1"

buffer-crc32@~0.2.3:
  version "0.2.13"
  resolved "http://registry.npm.testplus.cn/buffer-crc32/-/buffer-crc32-0.2.13.tgz#0d333e3f00eac50aa1454abd30ef8c2a5d9a7242"

buffer-from@^1.1.2:
  version "1.1.2"
  resolved "https://registry.nlark.com/buffer-from/download/buffer-from-1.1.2.tgz?cache=0&sync_timestamp=1627578450949&other_urls=https%3A%2F%2Fregistry.nlark.com%2Fbuffer-from%2Fdownload%2Fbuffer-from-1.1.2.tgz#2b146a6fd72e80b4f55d255f35ed59a3a9a41bd5"

buffer@^5.2.1, buffer@^5.5.0:
  version "5.7.1"
  resolved "http://registry.npm.testplus.cn/buffer/-/buffer-5.7.1.tgz#ba62e7c13133053582197160851a8f648e99eed0"
  dependencies:
    base64-js "^1.3.1"
    ieee754 "^1.1.13"

cfb@^1.1.4:
  version "1.2.1"
  resolved "https://registry.nlark.com/cfb/download/cfb-1.2.1.tgz#209429e4c68efd30641f6fc74b2d6028bd202402"
  dependencies:
    adler-32 "~1.3.0"
    crc-32 "~1.2.0"
    printj "~1.3.0"

cheerio-select@^1.5.0:
  version "1.5.0"
  resolved "http://registry.npm.testplus.cn/cheerio-select/-/cheerio-select-1.5.0.tgz#faf3daeb31b17c5e1a9dabcee288aaf8aafa5823"
  dependencies:
    css-select "^4.1.3"
    css-what "^5.0.1"
    domelementtype "^2.2.0"
    domhandler "^4.2.0"
    domutils "^2.7.0"

cheerio@^1.0.0-rc.10:
  version "1.0.0-rc.10"
  resolved "https://registry.nlark.com/cheerio/download/cheerio-1.0.0-rc.10.tgz?cache=0&sync_timestamp=1623167701954&other_urls=https%3A%2F%2Fregistry.nlark.com%2Fcheerio%2Fdownload%2Fcheerio-1.0.0-rc.10.tgz#2ba3dcdfcc26e7956fc1f440e61d51c643379f3e"
  dependencies:
    cheerio-select "^1.5.0"
    dom-serializer "^1.3.2"
    domhandler "^4.2.0"
    htmlparser2 "^6.1.0"
    parse5 "^6.0.1"
    parse5-htmlparser2-tree-adapter "^6.0.1"
    tslib "^2.2.0"

chownr@^1.1.1:
  version "1.1.4"
  resolved "http://registry.npm.testplus.cn/chownr/-/chownr-1.1.4.tgz#6fc9d7b42d32a583596337666e7d08084da2cc6b"

codepage@~1.15.0:
  version "1.15.0"
  resolved "https://registry.nlark.com/codepage/download/codepage-1.15.0.tgz#2e00519024b39424ec66eeb3ec07227e692618ab"

concat-map@0.0.1:
  version "0.0.1"
  resolved "http://registry.npm.testplus.cn/concat-map/-/concat-map-0.0.1.tgz#d8a96bd77fd68df7793a73036a3ba0d5405d477b"

crc-32@~1.2.0:
  version "1.2.0"
  resolved "https://registry.nlark.com/crc-32/download/crc-32-1.2.0.tgz#cb2db6e29b88508e32d9dd0ec1693e7b41a18208"
  dependencies:
    exit-on-epipe "~1.0.1"
    printj "~1.1.0"

css-select@^4.1.3:
  version "4.1.3"
  resolved "http://registry.npm.testplus.cn/css-select/-/css-select-4.1.3.tgz#a70440f70317f2669118ad74ff105e65849c7067"
  dependencies:
    boolbase "^1.0.0"
    css-what "^5.0.0"
    domhandler "^4.2.0"
    domutils "^2.6.0"
    nth-check "^2.0.0"

css-what@^5.0.0, css-what@^5.0.1:
  version "5.1.0"
  resolved "http://registry.npm.testplus.cn/css-what/-/css-what-5.1.0.tgz#3f7b707aadf633baf62c2ceb8579b545bb40f7fe"

debug@4, debug@^4.1.1:
  version "4.3.3"
  resolved "http://registry.npm.testplus.cn/debug/-/debug-4.3.3.tgz#04266e0b70a98d4462e6e288e38259213332b664"
  dependencies:
    ms "2.1.2"

debug@4.3.2:
  version "4.3.2"
  resolved "http://registry.npm.testplus.cn/debug/-/debug-4.3.2.tgz#f0a49c18ac8779e31d4a0c6029dfb76873c7428b"
  dependencies:
    ms "2.1.2"

devtools-protocol@0.0.937139:
  version "0.0.937139"
  resolved "http://registry.npm.testplus.cn/devtools-protocol/-/devtools-protocol-0.0.937139.tgz#bdee3751fdfdb81cb701fd3afa94b1065dafafcf"

dom-serializer@^1.0.1, dom-serializer@^1.3.2:
  version "1.3.2"
  resolved "http://registry.npm.testplus.cn/dom-serializer/-/dom-serializer-1.3.2.tgz#6206437d32ceefaec7161803230c7a20bc1b4d91"
  dependencies:
    domelementtype "^2.0.1"
    domhandler "^4.2.0"
    entities "^2.0.0"

domelementtype@^2.0.1, domelementtype@^2.2.0:
  version "2.2.0"
  resolved "http://registry.npm.testplus.cn/domelementtype/-/domelementtype-2.2.0.tgz#9a0b6c2782ed6a1c7323d42267183df9bd8b1d57"

domhandler@^4.0.0, domhandler@^4.2.0:
  version "4.3.0"
  resolved "http://registry.npm.testplus.cn/domhandler/-/domhandler-4.3.0.tgz#16c658c626cf966967e306f966b431f77d4a5626"
  dependencies:
    domelementtype "^2.2.0"

domutils@^2.5.2, domutils@^2.6.0, domutils@^2.7.0:
  version "2.8.0"
  resolved "http://registry.npm.testplus.cn/domutils/-/domutils-2.8.0.tgz#4437def5db6e2d1f5d6ee859bd95ca7d02048135"
  dependencies:
    dom-serializer "^1.0.1"
    domelementtype "^2.2.0"
    domhandler "^4.2.0"

end-of-stream@^1.1.0, end-of-stream@^1.4.1:
  version "1.4.4"
  resolved "http://registry.npm.testplus.cn/end-of-stream/-/end-of-stream-1.4.4.tgz#5ae64a5f45057baf3626ec14da0ca5e4b2431eb0"
  dependencies:
    once "^1.4.0"

entities@^2.0.0:
  version "2.2.0"
  resolved "http://registry.npm.testplus.cn/entities/-/entities-2.2.0.tgz#098dc90ebb83d8dffa089d55256b351d34c4da55"

exit-on-epipe@~1.0.1:
  version "1.0.1"
  resolved "https://registry.npm.taobao.org/exit-on-epipe/download/exit-on-epipe-1.0.1.tgz#0bdd92e87d5285d267daa8171d0eb06159689692"

extract-zip@2.0.1:
  version "2.0.1"
  resolved "http://registry.npm.testplus.cn/extract-zip/-/extract-zip-2.0.1.tgz#663dca56fe46df890d5f131ef4a06d22bb8ba13a"
  dependencies:
    debug "^4.1.1"
    get-stream "^5.1.0"
    yauzl "^2.10.0"
  optionalDependencies:
    "@types/yauzl" "^2.9.1"

fd-slicer@~1.1.0:
  version "1.1.0"
  resolved "http://registry.npm.testplus.cn/fd-slicer/-/fd-slicer-1.1.0.tgz#25c7c89cb1f9077f8891bbe61d8f390eae256f1e"
  dependencies:
    pend "~1.2.0"

find-up@^4.0.0:
  version "4.1.0"
  resolved "http://registry.npm.testplus.cn/find-up/-/find-up-4.1.0.tgz#97afe7d6cdc0bc5928584b7c8d7b16e8a9aa5d19"
  dependencies:
    locate-path "^5.0.0"
    path-exists "^4.0.0"

frac@~1.1.2:
  version "1.1.2"
  resolved "https://registry.npm.taobao.org/frac/download/frac-1.1.2.tgz#3d74f7f6478c88a1b5020306d747dc6313c74d0b"

fs-constants@^1.0.0:
  version "1.0.0"
  resolved "http://registry.npm.testplus.cn/fs-constants/-/fs-constants-1.0.0.tgz#6be0de9be998ce16af8afc24497b9ee9b7ccd9ad"

fs.realpath@^1.0.0:
  version "1.0.0"
  resolved "http://registry.npm.testplus.cn/fs.realpath/-/fs.realpath-1.0.0.tgz#1504ad2523158caa40db4a2787cb01411994ea4f"

get-stream@^5.1.0:
  version "5.2.0"
  resolved "http://registry.npm.testplus.cn/get-stream/-/get-stream-5.2.0.tgz#4966a1795ee5ace65e706c4b7beb71257d6e22d3"
  dependencies:
    pump "^3.0.0"

glob@^7.1.3:
  version "7.2.0"
  resolved "http://registry.npm.testplus.cn/glob/-/glob-7.2.0.tgz#d15535af7732e02e948f4c41628bd910293f6023"
  dependencies:
    fs.realpath "^1.0.0"
    inflight "^1.0.4"
    inherits "2"
    minimatch "^3.0.4"
    once "^1.3.0"
    path-is-absolute "^1.0.0"

htmlparser2@^6.1.0:
  version "6.1.0"
  resolved "http://registry.npm.testplus.cn/htmlparser2/-/htmlparser2-6.1.0.tgz#c4d762b6c3371a05dbe65e94ae43a9f845fb8fb7"
  dependencies:
    domelementtype "^2.0.1"
    domhandler "^4.0.0"
    domutils "^2.5.2"
    entities "^2.0.0"

https-proxy-agent@5.0.0:
  version "5.0.0"
  resolved "http://registry.npm.testplus.cn/https-proxy-agent/-/https-proxy-agent-5.0.0.tgz#e2a90542abb68a762e0a0850f6c9edadfd8506b2"
  dependencies:
    agent-base "6"
    debug "4"

ieee754@^1.1.13:
  version "1.2.1"
  resolved "http://registry.npm.testplus.cn/ieee754/-/ieee754-1.2.1.tgz#8eb7a10a63fff25d15a57b001586d177d1b0d352"

inflight@^1.0.4:
  version "1.0.6"
  resolved "http://registry.npm.testplus.cn/inflight/-/inflight-1.0.6.tgz#49bd6331d7d02d0c09bc910a1075ba8165b56df9"
  dependencies:
    once "^1.3.0"
    wrappy "1"

inherits@2, inherits@^2.0.3, inherits@^2.0.4:
  version "2.0.4"
  resolved "http://registry.npm.testplus.cn/inherits/-/inherits-2.0.4.tgz#0fa2c64f932917c3433a0ded55363aae37416b7c"

locate-path@^5.0.0:
  version "5.0.0"
  resolved "http://registry.npm.testplus.cn/locate-path/-/locate-path-5.0.0.tgz#1afba396afd676a6d42504d0a67a3a7eb9f62aa0"
  dependencies:
    p-locate "^4.1.0"

minimatch@^3.0.4:
  version "3.0.4"
  resolved "http://registry.npm.testplus.cn/minimatch/-/minimatch-3.0.4.tgz#5166e286457f03306064be5497e8dbb0c3d32083"
  dependencies:
    brace-expansion "^1.1.7"

mkdirp-classic@^0.5.2:
  version "0.5.3"
  resolved "http://registry.npm.testplus.cn/mkdirp-classic/-/mkdirp-classic-0.5.3.tgz#fa10c9115cc6d8865be221ba47ee9bed78601113"

ms@2.1.2:
  version "2.1.2"
  resolved "http://registry.npm.testplus.cn/ms/-/ms-2.1.2.tgz#d09d1f357b443f493382a8eb3ccd183872ae6009"

node-fetch@2.6.5:
  version "2.6.5"
  resolved "http://registry.npm.testplus.cn/node-fetch/-/node-fetch-2.6.5.tgz#42735537d7f080a7e5f78b6c549b7146be1742fd"
  dependencies:
    whatwg-url "^5.0.0"

node-xlsx@^0.17.2:
  version "0.17.2"
  resolved "https://registry.nlark.com/node-xlsx/download/node-xlsx-0.17.2.tgz#286215afa63e096d5317a7cb0e5d599cfa1f7b62"
  dependencies:
    "@babel/runtime" "^7.15.4"
    buffer-from "^1.1.2"
    xlsx "^0.17.2"

nth-check@^2.0.0:
  version "2.0.1"
  resolved "http://registry.npm.testplus.cn/nth-check/-/nth-check-2.0.1.tgz#2efe162f5c3da06a28959fbd3db75dbeea9f0fc2"
  dependencies:
    boolbase "^1.0.0"

once@^1.3.0, once@^1.3.1, once@^1.4.0:
  version "1.4.0"
  resolved "http://registry.npm.testplus.cn/once/-/once-1.4.0.tgz#583b1aa775961d4b113ac17d9c50baef9dd76bd1"
  dependencies:
    wrappy "1"

p-limit@^2.2.0:
  version "2.3.0"
  resolved "http://registry.npm.testplus.cn/p-limit/-/p-limit-2.3.0.tgz#3dd33c647a214fdfffd835933eb086da0dc21db1"
  dependencies:
    p-try "^2.0.0"

p-locate@^4.1.0:
  version "4.1.0"
  resolved "http://registry.npm.testplus.cn/p-locate/-/p-locate-4.1.0.tgz#a3428bb7088b3a60292f66919278b7c297ad4f07"
  dependencies:
    p-limit "^2.2.0"

p-try@^2.0.0:
  version "2.2.0"
  resolved "http://registry.npm.testplus.cn/p-try/-/p-try-2.2.0.tgz#cb2868540e313d61de58fafbe35ce9004d5540e6"

parse5-htmlparser2-tree-adapter@^6.0.1:
  version "6.0.1"
  resolved "http://registry.npm.testplus.cn/parse5-htmlparser2-tree-adapter/-/parse5-htmlparser2-tree-adapter-6.0.1.tgz#2cdf9ad823321140370d4dbf5d3e92c7c8ddc6e6"
  dependencies:
    parse5 "^6.0.1"

parse5@^6.0.1:
  version "6.0.1"
  resolved "http://registry.npm.testplus.cn/parse5/-/parse5-6.0.1.tgz#e1a1c085c569b3dc08321184f19a39cc27f7c30b"

path-exists@^4.0.0:
  version "4.0.0"
  resolved "http://registry.npm.testplus.cn/path-exists/-/path-exists-4.0.0.tgz#513bdbe2d3b95d7762e8c1137efa195c6c61b5b3"

path-is-absolute@^1.0.0:
  version "1.0.1"
  resolved "http://registry.npm.testplus.cn/path-is-absolute/-/path-is-absolute-1.0.1.tgz#174b9268735534ffbc7ace6bf53a5a9e1b5c5f5f"

pend@~1.2.0:
  version "1.2.0"
  resolved "http://registry.npm.testplus.cn/pend/-/pend-1.2.0.tgz#7a57eb550a6783f9115331fcf4663d5c8e007a50"

pkg-dir@4.2.0:
  version "4.2.0"
  resolved "http://registry.npm.testplus.cn/pkg-dir/-/pkg-dir-4.2.0.tgz#f099133df7ede422e81d1d8448270eeb3e4261f3"
  dependencies:
    find-up "^4.0.0"

printj@~1.1.0:
  version "1.1.2"
  resolved "https://registry.nlark.com/printj/download/printj-1.1.2.tgz#d90deb2975a8b9f600fb3a1c94e3f4c53c78a222"

printj@~1.2.2:
  version "1.2.3"
  resolved "https://registry.nlark.com/printj/download/printj-1.2.3.tgz#2cfb2b192a1e5385dbbe5b46658ac34aa828508a"

printj@~1.3.0:
  version "1.3.0"
  resolved "https://registry.nlark.com/printj/download/printj-1.3.0.tgz#9018a918a790e43707f10625d6e10187a367cff6"

progress@2.0.3:
  version "2.0.3"
  resolved "http://registry.npm.testplus.cn/progress/-/progress-2.0.3.tgz#7e8cf8d8f5b8f239c1bc68beb4eb78567d572ef8"

proxy-from-env@1.1.0:
  version "1.1.0"
  resolved "http://registry.npm.testplus.cn/proxy-from-env/-/proxy-from-env-1.1.0.tgz#e102f16ca355424865755d2c9e8ea4f24d58c3e2"

pump@^3.0.0:
  version "3.0.0"
  resolved "http://registry.npm.testplus.cn/pump/-/pump-3.0.0.tgz#b4a2116815bde2f4e1ea602354e8c75565107a64"
  dependencies:
    end-of-stream "^1.1.0"
    once "^1.3.1"

puppeteer@^12.0.1:
  version "12.0.1"
  resolved "http://registry.npm.testplus.cn/puppeteer/-/puppeteer-12.0.1.tgz#ae79d0e174a07563e0bf2e05c94ccafce3e70033"
  dependencies:
    debug "4.3.2"
    devtools-protocol "0.0.937139"
    extract-zip "2.0.1"
    https-proxy-agent "5.0.0"
    node-fetch "2.6.5"
    pkg-dir "4.2.0"
    progress "2.0.3"
    proxy-from-env "1.1.0"
    rimraf "3.0.2"
    tar-fs "2.1.1"
    unbzip2-stream "1.4.3"
    ws "8.2.3"

readable-stream@^3.1.1, readable-stream@^3.4.0:
  version "3.6.0"
  resolved "http://registry.npm.testplus.cn/readable-stream/-/readable-stream-3.6.0.tgz#337bbda3adc0706bd3e024426a286d4b4b2c9198"
  dependencies:
    inherits "^2.0.3"
    string_decoder "^1.1.1"
    util-deprecate "^1.0.1"

regenerator-runtime@^0.13.4:
  version "0.13.9"
  resolved "https://registry.nlark.com/regenerator-runtime/download/regenerator-runtime-0.13.9.tgz?cache=0&sync_timestamp=1626993001371&other_urls=https%3A%2F%2Fregistry.nlark.com%2Fregenerator-runtime%2Fdownload%2Fregenerator-runtime-0.13.9.tgz#8925742a98ffd90814988d7566ad30ca3b263b52"

rimraf@3.0.2:
  version "3.0.2"
  resolved "http://registry.npm.testplus.cn/rimraf/-/rimraf-3.0.2.tgz#f1a5402ba6220ad52cc1282bac1ae3aa49fd061a"
  dependencies:
    glob "^7.1.3"

safe-buffer@~5.2.0:
  version "5.2.1"
  resolved "http://registry.npm.testplus.cn/safe-buffer/-/safe-buffer-5.2.1.tgz#1eaf9fa9bdb1fdd4ec75f58f9cdb4e6b7827eec6"

ssf@~0.11.2:
  version "0.11.2"
  resolved "https://registry.npm.taobao.org/ssf/download/ssf-0.11.2.tgz#0b99698b237548d088fc43cdf2b70c1a7512c06c"
  dependencies:
    frac "~1.1.2"

string_decoder@^1.1.1:
  version "1.3.0"
  resolved "http://registry.npm.testplus.cn/string_decoder/-/string_decoder-1.3.0.tgz#42f114594a46cf1a8e30b0a84f56c78c3edac21e"
  dependencies:
    safe-buffer "~5.2.0"

tar-fs@2.1.1:
  version "2.1.1"
  resolved "http://registry.npm.testplus.cn/tar-fs/-/tar-fs-2.1.1.tgz#489a15ab85f1f0befabb370b7de4f9eb5cbe8784"
  dependencies:
    chownr "^1.1.1"
    mkdirp-classic "^0.5.2"
    pump "^3.0.0"
    tar-stream "^2.1.4"

tar-stream@^2.1.4:
  version "2.2.0"
  resolved "http://registry.npm.testplus.cn/tar-stream/-/tar-stream-2.2.0.tgz#acad84c284136b060dc3faa64474aa9aebd77287"
  dependencies:
    bl "^4.0.3"
    end-of-stream "^1.4.1"
    fs-constants "^1.0.0"
    inherits "^2.0.3"
    readable-stream "^3.1.1"

through@^2.3.8:
  version "2.3.8"
  resolved "http://registry.npm.testplus.cn/through/-/through-2.3.8.tgz#0dd4c9ffaabc357960b1b724115d7e0e86a2e1f5"

tr46@~0.0.3:
  version "0.0.3"
  resolved "http://registry.npm.testplus.cn/tr46/-/tr46-0.0.3.tgz#8184fd347dac9cdc185992f3a6622e14b9d9ab6a"

tslib@^2.2.0:
  version "2.3.1"
  resolved "http://registry.npm.testplus.cn/tslib/-/tslib-2.3.1.tgz#e8a335add5ceae51aa261d32a490158ef042ef01"

unbzip2-stream@1.4.3:
  version "1.4.3"
  resolved "http://registry.npm.testplus.cn/unbzip2-stream/-/unbzip2-stream-1.4.3.tgz#b0da04c4371311df771cdc215e87f2130991ace7"
  dependencies:
    buffer "^5.2.1"
    through "^2.3.8"

util-deprecate@^1.0.1:
  version "1.0.2"
  resolved "http://registry.npm.testplus.cn/util-deprecate/-/util-deprecate-1.0.2.tgz#450d4dc9fa70de732762fbd2d4a28981419a0ccf"

webidl-conversions@^3.0.0:
  version "3.0.1"
  resolved "http://registry.npm.testplus.cn/webidl-conversions/-/webidl-conversions-3.0.1.tgz#24534275e2a7bc6be7bc86611cc16ae0a5654871"

whatwg-url@^5.0.0:
  version "5.0.0"
  resolved "http://registry.npm.testplus.cn/whatwg-url/-/whatwg-url-5.0.0.tgz#966454e8765462e37644d3626f6742ce8b70965d"
  dependencies:
    tr46 "~0.0.3"
    webidl-conversions "^3.0.0"

wmf@~1.0.1:
  version "1.0.2"
  resolved "https://registry.nlark.com/wmf/download/wmf-1.0.2.tgz#7d19d621071a08c2bdc6b7e688a9c435298cc2da"

word@~0.3.0:
  version "0.3.0"
  resolved "https://registry.nlark.com/word/download/word-0.3.0.tgz#8542157e4f8e849f4a363a288992d47612db9961"

wrappy@1:
  version "1.0.2"
  resolved "http://registry.npm.testplus.cn/wrappy/-/wrappy-1.0.2.tgz#b5243d8f3ec1aa35f1364605bc0d1036e30ab69f"

ws@8.2.3:
  version "8.2.3"
  resolved "http://registry.npm.testplus.cn/ws/-/ws-8.2.3.tgz#63a56456db1b04367d0b721a0b80cae6d8becbba"

xlsx@^0.17.2:
  version "0.17.4"
  resolved "https://registry.npmmirror.com/xlsx/download/xlsx-0.17.4.tgz?cache=0&sync_timestamp=1636867017915&other_urls=https%3A%2F%2Fregistry.npmmirror.com%2Fxlsx%2Fdownload%2Fxlsx-0.17.4.tgz#dc3e3a0954c835f4d0fdd643645db6f4ac3f28f2"
  dependencies:
    adler-32 "~1.2.0"
    cfb "^1.1.4"
    codepage "~1.15.0"
    crc-32 "~1.2.0"
    ssf "~0.11.2"
    wmf "~1.0.1"
    word "~0.3.0"

yauzl@^2.10.0:
  version "2.10.0"
  resolved "http://registry.npm.testplus.cn/yauzl/-/yauzl-2.10.0.tgz#c7eb17c93e112cb1086fa6d8e51fb0667b79a5f9"
  dependencies:
    buffer-crc32 "~0.2.3"
    fd-slicer "~1.1.0"
